
Microsoft Visual Studio Solution File, Format Version 12.00
# Visual Studio Version 17
VisualStudioVersion = 17.1.32328.378
MinimumVisualStudioVersion = 10.0.40219.1
Project("{8BC9CEB8-8B4A-11D0-8D11-00A0C91BC942}") = "OOP 3.3E", "OOP 3.3E\OOP 3.3E.vcxproj", "{54BD8062-ECDB-40C9-B7D5-60AA388998F0}"
EndProject
Project("{8BC9CEB8-8B4A-11D0-8D11-00A0C91BC942}") = "UT OOP 3.3E", "UT OOP 3.3E\UT OOP 3.3E.vcxproj", "{116B7CFF-9003-4ACF-ADA2-555D93122940}"
EndProject
Global
	GlobalSection(SolutionConfigurationPlatforms) = preSolution
		Debug|x64 = Debug|x64
		Debug|x86 = Debug|x86
		Release|x64 = Release|x64
		Release|x86 = Release|x86
	EndGlobalSection
	GlobalSection(ProjectConfigurationPlatforms) = postSolution
		{54BD8062-ECDB-40C9-B7D5-60AA388998F0}.Debug|x64.ActiveCfg = Debug|x64
		{54BD8062-ECDB-40C9-B7D5-60AA388998F0}.Debug|x64.Build.0 = Debug|x64
		{54BD8062-ECDB-40C9-B7D5-60AA388998F0}.Debug|x86.ActiveCfg = Debug|Win32
		{54BD8062-ECDB-40C9-B7D5-60AA388998F0}.Debug|x86.Build.0 = Debug|Win32
		{54BD8062-ECDB-40C9-B7D5-60AA388998F0}.Release|x64.ActiveCfg = Release|x64
		{54BD8062-ECDB-40C9-B7D5-60AA388998F0}.Release|x64.Build.0 = Release|x64
		{54BD8062-ECDB-40C9-B7D5-60AA388998F0}.Release|x86.ActiveCfg = Release|Win32
		{54BD8062-ECDB-40C9-B7D5-60AA388998F0}.Release|x86.Build.0 = Release|Win32
		{116B7CFF-9003-4ACF-ADA2-555D93122940}.Debug|x64.ActiveCfg = Debug|x64
		{116B7CFF-9003-4ACF-ADA2-555D93122940}.Debug|x64.Build.0 = Debug|x64
		{116B7CFF-9003-4ACF-ADA2-555D93122940}.Debug|x86.ActiveCfg = Debug|Win32
		{116B7CFF-9003-4ACF-ADA2-555D93122940}.Debug|x86.Build.0 = Debug|Win32
		{116B7CFF-9003-4ACF-ADA2-555D93122940}.Release|x64.ActiveCfg = Release|x64
		{116B7CFF-9003-4ACF-ADA2-555D93122940}.Release|x64.Build.0 = Release|x64
		{116B7CFF-9003-4ACF-ADA2-555D93122940}.Release|x86.ActiveCfg = Release|Win32
		{116B7CFF-9003-4ACF-ADA2-555D93122940}.Release|x86.Build.0 = Release|Win32
	EndGlobalSection
	GlobalSection(SolutionProperties) = preSolution
		HideSolutionNode = FALSE
	EndGlobalSection
	GlobalSection(ExtensibilityGlobals) = postSolution
		SolutionGuid = {493A346A-0D85-4547-9F08-A19C38636878}
	EndGlobalSection
EndGlobal
